// !$*UTF8*$!
{
	archiveVersion = 1;
	classes = {
	};
	objectVersion = 50;
	objects = {

/* Begin PBXBuildFile section */
		060C093F2639FB3F00FCE2DB /* LandmarksApp.swift in Sources */ = {isa = PBXBuildFile; fileRef = 060C092C2639FB3E00FCE2DB /* LandmarksApp.swift */; };
		060C09402639FB3F00FCE2DB /* LandmarksApp.swift in Sources */ = {isa = PBXBuildFile; fileRef = 060C092C2639FB3E00FCE2DB /* LandmarksApp.swift */; };
		060C09412639FB3F00FCE2DB /* ContentView.swift in Sources */ = {isa = PBXBuildFile; fileRef = 060C092D2639FB3E00FCE2DB /* ContentView.swift */; };
		060C09422639FB3F00FCE2DB /* ContentView.swift in Sources */ = {isa = PBXBuildFile; fileRef = 060C092D2639FB3E00FCE2DB /* ContentView.swift */; };
		060C09432639FB3F00FCE2DB /* Assets.xcassets in Resources */ = {isa = PBXBuildFile; fileRef = 060C092E2639FB3F00FCE2DB /* Assets.xcassets */; };
		060C09442639FB3F00FCE2DB /* Assets.xcassets in Resources */ = {isa = PBXBuildFile; fileRef = 060C092E2639FB3F00FCE2DB /* Assets.xcassets */; };
		060C094E2639FE6D00FCE2DB /* CircleImage.swift in Sources */ = {isa = PBXBuildFile; fileRef = 060C094D2639FE6D00FCE2DB /* CircleImage.swift */; };
		060C094F2639FE6D00FCE2DB /* CircleImage.swift in Sources */ = {isa = PBXBuildFile; fileRef = 060C094D2639FE6D00FCE2DB /* CircleImage.swift */; };
		060C09512639FF7900FCE2DB /* MapView.swift in Sources */ = {isa = PBXBuildFile; fileRef = 060C09502639FF7900FCE2DB /* MapView.swift */; };
		060C09522639FF7900FCE2DB /* MapView.swift in Sources */ = {isa = PBXBuildFile; fileRef = 060C09502639FF7900FCE2DB /* MapView.swift */; };
		061B774726567FBD00C3D9DB /* LandmarkList.swift in Sources */ = {isa = PBXBuildFile; fileRef = 061B774626567FBD00C3D9DB /* LandmarkList.swift */; };
		061B774826567FBD00C3D9DB /* LandmarkList.swift in Sources */ = {isa = PBXBuildFile; fileRef = 061B774626567FBD00C3D9DB /* LandmarkList.swift */; };
		06288C6A2656609A0082BD84 /* landmarkData.json in Resources */ = {isa = PBXBuildFile; fileRef = 06288C692656609A0082BD84 /* landmarkData.json */; };
		06288C6B2656609A0082BD84 /* landmarkData.json in Resources */ = {isa = PBXBuildFile; fileRef = 06288C692656609A0082BD84 /* landmarkData.json */; };
		06288C6D265660C30082BD84 /* Landmark.swift in Sources */ = {isa = PBXBuildFile; fileRef = 06288C6C265660C30082BD84 /* Landmark.swift */; };
		06288C6E265660C30082BD84 /* Landmark.swift in Sources */ = {isa = PBXBuildFile; fileRef = 06288C6C265660C30082BD84 /* Landmark.swift */; };
		06288C702656627D0082BD84 /* ModelData.swift in Sources */ = {isa = PBXBuildFile; fileRef = 06288C6F2656627D0082BD84 /* ModelData.swift */; };
		06288C712656627D0082BD84 /* ModelData.swift in Sources */ = {isa = PBXBuildFile; fileRef = 06288C6F2656627D0082BD84 /* ModelData.swift */; };
		06288C7726566F460082BD84 /* LandmarkRow.swift in Sources */ = {isa = PBXBuildFile; fileRef = 06288C7626566F460082BD84 /* LandmarkRow.swift */; };
		06288C7826566F460082BD84 /* LandmarkRow.swift in Sources */ = {isa = PBXBuildFile; fileRef = 06288C7626566F460082BD84 /* LandmarkRow.swift */; };
/* End PBXBuildFile section */

/* Begin PBXFileReference section */
		060C092C2639FB3E00FCE2DB /* LandmarksApp.swift */ = {isa = PBXFileReference; lastKnownFileType = sourcecode.swift; path = LandmarksApp.swift; sourceTree = "<group>"; };
		060C092D2639FB3E00FCE2DB /* ContentView.swift */ = {isa = PBXFileReference; lastKnownFileType = sourcecode.swift; path = ContentView.swift; sourceTree = "<group>"; };
		060C092E2639FB3F00FCE2DB /* Assets.xcassets */ = {isa = PBXFileReference; lastKnownFileType = folder.assetcatalog; path = Assets.xcassets; sourceTree = "<group>"; };
		060C09332639FB3F00FCE2DB /* Landmarks.app */ = {isa = PBXFileReference; explicitFileType = wrapper.application; includeInIndex = 0; path = Landmarks.app; sourceTree = BUILT_PRODUCTS_DIR; };
		060C09362639FB3F00FCE2DB /* Info.plist */ = {isa = PBXFileReference; lastKnownFileType = text.plist.xml; path = Info.plist; sourceTree = "<group>"; };
		060C093B2639FB3F00FCE2DB /* Landmarks.app */ = {isa = PBXFileReference; explicitFileType = wrapper.application; includeInIndex = 0; path = Landmarks.app; sourceTree = BUILT_PRODUCTS_DIR; };
		060C093D2639FB3F00FCE2DB /* Info.plist */ = {isa = PBXFileReference; lastKnownFileType = text.plist.xml; path = Info.plist; sourceTree = "<group>"; };
		060C093E2639FB3F00FCE2DB /* macOS.entitlements */ = {isa = PBXFileReference; lastKnownFileType = text.plist.entitlements; path = macOS.entitlements; sourceTree = "<group>"; };
		060C094D2639FE6D00FCE2DB /* CircleImage.swift */ = {isa = PBXFileReference; lastKnownFileType = sourcecode.swift; path = CircleImage.swift; sourceTree = "<group>"; };
		060C09502639FF7900FCE2DB /* MapView.swift */ = {isa = PBXFileReference; lastKnownFileType = sourcecode.swift; path = MapView.swift; sourceTree = "<group>"; };
		061B774626567FBD00C3D9DB /* LandmarkList.swift */ = {isa = PBXFileReference; lastKnownFileType = sourcecode.swift; path = LandmarkList.swift; sourceTree = "<group>"; };
		06288C692656609A0082BD84 /* landmarkData.json */ = {isa = PBXFileReference; fileEncoding = 4; lastKnownFileType = text.json; path = landmarkData.json; sourceTree = "<group>"; };
		06288C6C265660C30082BD84 /* Landmark.swift */ = {isa = PBXFileReference; lastKnownFileType = sourcecode.swift; path = Landmark.swift; sourceTree = "<group>"; };
		06288C6F2656627D0082BD84 /* ModelData.swift */ = {isa = PBXFileReference; lastKnownFileType = sourcecode.swift; path = ModelData.swift; sourceTree = "<group>"; };
		06288C7626566F460082BD84 /* LandmarkRow.swift */ = {isa = PBXFileReference; lastKnownFileType = sourcecode.swift; path = LandmarkRow.swift; sourceTree = "<group>"; };
/* End PBXFileReference section */

/* Begin PBXFrameworksBuildPhase section */
		060C09302639FB3F00FCE2DB /* Frameworks */ = {
			isa = PBXFrameworksBuildPhase;
			buildActionMask = 2147483647;
			files = (
			);
			runOnlyForDeploymentPostprocessing = 0;
		};
		060C09382639FB3F00FCE2DB /* Frameworks */ = {
			isa = PBXFrameworksBuildPhase;
			buildActionMask = 2147483647;
			files = (
			);
			runOnlyForDeploymentPostprocessing = 0;
		};
/* End PBXFrameworksBuildPhase section */

/* Begin PBXGroup section */
		060C09262639FB3E00FCE2DB = {
			isa = PBXGroup;
			children = (
				06288C7526566EBE0082BD84 /* Resources */,
				06288C7426566E980082BD84 /* Model */,
				06288C7226566E720082BD84 /* Views */,
				060C092B2639FB3E00FCE2DB /* Shared */,
				060C09352639FB3F00FCE2DB /* iOS */,
				060C093C2639FB3F00FCE2DB /* macOS */,
				060C09342639FB3F00FCE2DB /* Products */,
			);
			sourceTree = "<group>";
		};
		060C092B2639FB3E00FCE2DB /* Shared */ = {
			isa = PBXGroup;
			children = (
				060C092C2639FB3E00FCE2DB /* LandmarksApp.swift */,
				060C092E2639FB3F00FCE2DB /* Assets.xcassets */,
			);
			path = Shared;
			sourceTree = "<group>";
		};
		060C09342639FB3F00FCE2DB /* Products */ = {
			isa = PBXGroup;
			children = (
				060C09332639FB3F00FCE2DB /* Landmarks.app */,
				060C093B2639FB3F00FCE2DB /* Landmarks.app */,
			);
			name = Products;
			sourceTree = "<group>";
		};
		060C09352639FB3F00FCE2DB /* iOS */ = {
			isa = PBXGroup;
			children = (
				060C09362639FB3F00FCE2DB /* Info.plist */,
			);
			path = iOS;
			sourceTree = "<group>";
		};
		060C093C2639FB3F00FCE2DB /* macOS */ = {
			isa = PBXGroup;
			children = (
				060C093D2639FB3F00FCE2DB /* Info.plist */,
				060C093E2639FB3F00FCE2DB /* macOS.entitlements */,
			);
			path = macOS;
			sourceTree = "<group>";
		};
		06288C7226566E720082BD84 /* Views */ = {
			isa = PBXGroup;
			children = (
				060C092D2639FB3E00FCE2DB /* ContentView.swift */,
				060C094D2639FE6D00FCE2DB /* CircleImage.swift */,
				060C09502639FF7900FCE2DB /* MapView.swift */,
				06288C7626566F460082BD84 /* LandmarkRow.swift */,
				061B774626567FBD00C3D9DB /* LandmarkList.swift */,
			);
			path = Views;
			sourceTree = "<group>";
		};
		06288C7426566E980082BD84 /* Model */ = {
			isa = PBXGroup;
			children = (
				06288C6C265660C30082BD84 /* Landmark.swift */,
				06288C6F2656627D0082BD84 /* ModelData.swift */,
			);
			path = Model;
			sourceTree = "<group>";
		};
		06288C7526566EBE0082BD84 /* Resources */ = {
			isa = PBXGroup;
			children = (
				06288C692656609A0082BD84 /* landmarkData.json */,
			);
			path = Resources;
			sourceTree = "<group>";
		};
/* End PBXGroup section */

/* Begin PBXNativeTarget section */
		060C09322639FB3F00FCE2DB /* Landmarks (iOS) */ = {
			isa = PBXNativeTarget;
			buildConfigurationList = 060C09472639FB3F00FCE2DB /* Build configuration list for PBXNativeTarget "Landmarks (iOS)" */;
			buildPhases = (
				060C092F2639FB3F00FCE2DB /* Sources */,
				060C09302639FB3F00FCE2DB /* Frameworks */,
				060C09312639FB3F00FCE2DB /* Resources */,
			);
			buildRules = (
			);
			dependencies = (
			);
			name = "Landmarks (iOS)";
			productName = "Landmarks (iOS)";
			productReference = 060C09332639FB3F00FCE2DB /* Landmarks.app */;
			productType = "com.apple.product-type.application";
		};
		060C093A2639FB3F00FCE2DB /* Landmarks (macOS) */ = {
			isa = PBXNativeTarget;
			buildConfigurationList = 060C094A2639FB3F00FCE2DB /* Build configuration list for PBXNativeTarget "Landmarks (macOS)" */;
			buildPhases = (
				060C09372639FB3F00FCE2DB /* Sources */,
				060C09382639FB3F00FCE2DB /* Frameworks */,
				060C09392639FB3F00FCE2DB /* Resources */,
			);
			buildRules = (
			);
			dependencies = (
			);
			name = "Landmarks (macOS)";
			productName = "Landmarks (macOS)";
			productReference = 060C093B2639FB3F00FCE2DB /* Landmarks.app */;
			productType = "com.apple.product-type.application";
		};
/* End PBXNativeTarget section */

/* Begin PBXProject section */
		060C09272639FB3E00FCE2DB /* Project object */ = {
			isa = PBXProject;
			attributes = {
				LastSwiftUpdateCheck = 1250;
				LastUpgradeCheck = 1250;
				TargetAttributes = {
					060C09322639FB3F00FCE2DB = {
						CreatedOnToolsVersion = 12.5;
					};
					060C093A2639FB3F00FCE2DB = {
						CreatedOnToolsVersion = 12.5;
					};
				};
			};
			buildConfigurationList = 060C092A2639FB3E00FCE2DB /* Build configuration list for PBXProject "Landmarks" */;
			compatibilityVersion = "Xcode 9.3";
			developmentRegion = en;
			hasScannedForEncodings = 0;
			knownRegions = (
				en,
				Base,
			);
			mainGroup = 060C09262639FB3E00FCE2DB;
			productRefGroup = 060C09342639FB3F00FCE2DB /* Products */;
			projectDirPath = "";
			projectRoot = "";
			targets = (
				060C09322639FB3F00FCE2DB /* Landmarks (iOS) */,
				060C093A2639FB3F00FCE2DB /* Landmarks (macOS) */,
			);
		};
/* End PBXProject section */

/* Begin PBXResourcesBuildPhase section */
		060C09312639FB3F00FCE2DB /* Resources */ = {
			isa = PBXResourcesBuildPhase;
			buildActionMask = 2147483647;
			files = (
				060C09432639FB3F00FCE2DB /* Assets.xcassets in Resources */,
				06288C6A2656609A0082BD84 /* landmarkData.json in Resources */,
			);
			runOnlyForDeploymentPostprocessing = 0;
		};
		060C09392639FB3F00FCE2DB /* Resources */ = {
			isa = PBXResourcesBuildPhase;
			buildActionMask = 2147483647;
			files = (
				060C09442639FB3F00FCE2DB /* Assets.xcassets in Resources */,
				06288C6B2656609A0082BD84 /* landmarkData.json in Resources */,
			);
			runOnlyForDeploymentPostprocessing = 0;
		};
/* End PBXResourcesBuildPhase section */

/* Begin PBXSourcesBuildPhase section */
		060C092F2639FB3F00FCE2DB /* Sources */ = {
			isa = PBXSourcesBuildPhase;
			buildActionMask = 2147483647;
			files = (
				060C09412639FB3F00FCE2DB /* ContentView.swift in Sources */,
				06288C702656627D0082BD84 /* ModelData.swift in Sources */,
				06288C7726566F460082BD84 /* LandmarkRow.swift in Sources */,
				061B774726567FBD00C3D9DB /* LandmarkList.swift in Sources */,
				060C09512639FF7900FCE2DB /* MapView.swift in Sources */,
				060C093F2639FB3F00FCE2DB /* LandmarksApp.swift in Sources */,
				060C094E2639FE6D00FCE2DB /* CircleImage.swift in Sources */,
				06288C6D265660C30082BD84 /* Landmark.swift in Sources */,
			);
			runOnlyForDeploymentPostprocessing = 0;
		};
		060C09372639FB3F00FCE2DB /* Sources */ = {
			isa = PBXSourcesBuildPhase;
			buildActionMask = 2147483647;
			files = (
				060C09422639FB3F00FCE2DB /* ContentView.swift in Sources */,
				06288C712656627D0082BD84 /* ModelData.swift in Sources */,
				06288C7826566F460082BD84 /* LandmarkRow.swift in Sources */,
				061B774826567FBD00C3D9DB /* LandmarkList.swift in Sources */,
				060C09522639FF7900FCE2DB /* MapView.swift in Sources */,
				060C09402639FB3F00FCE2DB /* LandmarksApp.swift in Sources */,
				060C094F2639FE6D00FCE2DB /* CircleImage.swift in Sources */,
				06288C6E265660C30082BD84 /* Landmark.swift in Sources */,
			);
			runOnlyForDeploymentPostprocessing = 0;
		};
/* End PBXSourcesBuildPhase section */

/* Begin XCBuildConfiguration section */
		060C09452639FB3F00FCE2DB /* Debug */ = {
			isa = XCBuildConfiguration;
			buildSettings = {
				ALWAYS_SEARCH_USER_PATHS = NO;
				CLANG_ANALYZER_NONNULL = YES;
				CLANG_ANALYZER_NUMBER_OBJECT_CONVERSION = YES_AGGRESSIVE;
				CLANG_CXX_LANGUAGE_STANDARD = "gnu++14";
				CLANG_CXX_LIBRARY = "libc++";
				CLANG_ENABLE_MODULES = YES;
				CLANG_ENABLE_OBJC_ARC = YES;
				CLANG_ENABLE_OBJC_WEAK = YES;
				CLANG_WARN_BLOCK_CAPTURE_AUTORELEASING = YES;
				CLANG_WARN_BOOL_CONVERSION = YES;
				CLANG_WARN_COMMA = YES;
				CLANG_WARN_CONSTANT_CONVERSION = YES;
				CLANG_WARN_DEPRECATED_OBJC_IMPLEMENTATIONS = YES;
				CLANG_WARN_DIRECT_OBJC_ISA_USAGE = YES_ERROR;
				CLANG_WARN_DOCUMENTATION_COMMENTS = YES;
				CLANG_WARN_EMPTY_BODY = YES;
				CLANG_WARN_ENUM_CONVERSION = YES;
				CLANG_WARN_INFINITE_RECURSION = YES;
				CLANG_WARN_INT_CONVERSION = YES;
				CLANG_WARN_NON_LITERAL_NULL_CONVERSION = YES;
				CLANG_WARN_OBJC_IMPLICIT_RETAIN_SELF = YES;
				CLANG_WARN_OBJC_LITERAL_CONVERSION = YES;
				CLANG_WARN_OBJC_ROOT_CLASS = YES_ERROR;
				CLANG_WARN_QUOTED_INCLUDE_IN_FRAMEWORK_HEADER = YES;
				CLANG_WARN_RANGE_LOOP_ANALYSIS = YES;
				CLANG_WARN_STRICT_PROTOTYPES = YES;
				CLANG_WARN_SUSPICIOUS_MOVE = YES;
				CLANG_WARN_UNGUARDED_AVAILABILITY = YES_AGGRESSIVE;
				CLANG_WARN_UNREACHABLE_CODE = YES;
				CLANG_WARN__DUPLICATE_METHOD_MATCH = YES;
				COPY_PHASE_STRIP = NO;
				DEBUG_INFORMATION_FORMAT = dwarf;
				ENABLE_STRICT_OBJC_MSGSEND = YES;
				ENABLE_TESTABILITY = YES;
				GCC_C_LANGUAGE_STANDARD = gnu11;
				GCC_DYNAMIC_NO_PIC = NO;
				GCC_NO_COMMON_BLOCKS = YES;
				GCC_OPTIMIZATION_LEVEL = 0;
				GCC_PREPROCESSOR_DEFINITIONS = (
					"DEBUG=1",
					"$(inherited)",
				);
				GCC_WARN_64_TO_32_BIT_CONVERSION = YES;
				GCC_WARN_ABOUT_RETURN_TYPE = YES_ERROR;
				GCC_WARN_UNDECLARED_SELECTOR = YES;
				GCC_WARN_UNINITIALIZED_AUTOS = YES_AGGRESSIVE;
				GCC_WARN_UNUSED_FUNCTION = YES;
				GCC_WARN_UNUSED_VARIABLE = YES;
				IPHONEOS_DEPLOYMENT_TARGET = 14.5;
				MACOSX_DEPLOYMENT_TARGET = 11.3;
				MTL_ENABLE_DEBUG_INFO = INCLUDE_SOURCE;
				MTL_FAST_MATH = YES;
				ONLY_ACTIVE_ARCH = YES;
				SWIFT_ACTIVE_COMPILATION_CONDITIONS = DEBUG;
				SWIFT_OPTIMIZATION_LEVEL = "-Onone";
			};
			name = Debug;
		};
		060C09462639FB3F00FCE2DB /* Release */ = {
			isa = XCBuildConfiguration;
			buildSettings = {
				ALWAYS_SEARCH_USER_PATHS = NO;
				CLANG_ANALYZER_NONNULL = YES;
				CLANG_ANALYZER_NUMBER_OBJECT_CONVERSION = YES_AGGRESSIVE;
				CLANG_CXX_LANGUAGE_STANDARD = "gnu++14";
				CLANG_CXX_LIBRARY = "libc++";
				CLANG_ENABLE_MODULES = YES;
				CLANG_ENABLE_OBJC_ARC = YES;
				CLANG_ENABLE_OBJC_WEAK = YES;
				CLANG_WARN_BLOCK_CAPTURE_AUTORELEASING = YES;
				CLANG_WARN_BOOL_CONVERSION = YES;
				CLANG_WARN_COMMA = YES;
				CLANG_WARN_CONSTANT_CONVERSION = YES;
				CLANG_WARN_DEPRECATED_OBJC_IMPLEMENTATIONS = YES;
				CLANG_WARN_DIRECT_OBJC_ISA_USAGE = YES_ERROR;
				CLANG_WARN_DOCUMENTATION_COMMENTS = YES;
				CLANG_WARN_EMPTY_BODY = YES;
				CLANG_WARN_ENUM_CONVERSION = YES;
				CLANG_WARN_INFINITE_RECURSION = YES;
				CLANG_WARN_INT_CONVERSION = YES;
				CLANG_WARN_NON_LITERAL_NULL_CONVERSION = YES;
				CLANG_WARN_OBJC_IMPLICIT_RETAIN_SELF = YES;
				CLANG_WARN_OBJC_LITERAL_CONVERSION = YES;
				CLANG_WARN_OBJC_ROOT_CLASS = YES_ERROR;
				CLANG_WARN_QUOTED_INCLUDE_IN_FRAMEWORK_HEADER = YES;
				CLANG_WARN_RANGE_LOOP_ANALYSIS = YES;
				CLANG_WARN_STRICT_PROTOTYPES = YES;
				CLANG_WARN_SUSPICIOUS_MOVE = YES;
				CLANG_WARN_UNGUARDED_AVAILABILITY = YES_AGGRESSIVE;
				CLANG_WARN_UNREACHABLE_CODE = YES;
				CLANG_WARN__DUPLICATE_METHOD_MATCH = YES;
				COPY_PHASE_STRIP = NO;
				DEBUG_INFORMATION_FORMAT = "dwarf-with-dsym";
				ENABLE_NS_ASSERTIONS = NO;
				ENABLE_STRICT_OBJC_MSGSEND = YES;
				GCC_C_LANGUAGE_STANDARD = gnu11;
				GCC_NO_COMMON_BLOCKS = YES;
				GCC_WARN_64_TO_32_BIT_CONVERSION = YES;
				GCC_WARN_ABOUT_RETURN_TYPE = YES_ERROR;
				GCC_WARN_UNDECLARED_SELECTOR = YES;
				GCC_WARN_UNINITIALIZED_AUTOS = YES_AGGRESSIVE;
				GCC_WARN_UNUSED_FUNCTION = YES;
				GCC_WARN_UNUSED_VARIABLE = YES;
				IPHONEOS_DEPLOYMENT_TARGET = 14.5;
				MACOSX_DEPLOYMENT_TARGET = 11.3;
				MTL_ENABLE_DEBUG_INFO = NO;
				MTL_FAST_MATH = YES;
				SWIFT_COMPILATION_MODE = wholemodule;
				SWIFT_OPTIMIZATION_LEVEL = "-O";
			};
			name = Release;
		};
		060C09482639FB3F00FCE2DB /* Debug */ = {
			isa = XCBuildConfiguration;
			buildSettings = {
				ASSETCATALOG_COMPILER_APPICON_NAME = AppIcon;
				ASSETCATALOG_COMPILER_GLOBAL_ACCENT_COLOR_NAME = AccentColor;
				CODE_SIGN_STYLE = Automatic;
				ENABLE_PREVIEWS = YES;
				INFOPLIST_FILE = iOS/Info.plist;
				IPHONEOS_DEPLOYMENT_TARGET = 14.0;
				LD_RUNPATH_SEARCH_PATHS = (
					"$(inherited)",
					"@executable_path/Frameworks",
				);
				PRODUCT_BUNDLE_IDENTIFIER = com.nizapizza.Landmarks;
				PRODUCT_NAME = Landmarks;
				SDKROOT = iphoneos;
				SWIFT_VERSION = 5.0;
				TARGETED_DEVICE_FAMILY = "1,2";
			};
			name = Debug;
		};
		060C09492639FB3F00FCE2DB /* Release */ = {
			isa = XCBuildConfiguration;
			buildSettings = {
				ASSETCATALOG_COMPILER_APPICON_NAME = AppIcon;
				ASSETCATALOG_COMPILER_GLOBAL_ACCENT_COLOR_NAME = AccentColor;
				CODE_SIGN_STYLE = Automatic;
				ENABLE_PREVIEWS = YES;
				INFOPLIST_FILE = iOS/Info.plist;
				IPHONEOS_DEPLOYMENT_TARGET = 14.0;
				LD_RUNPATH_SEARCH_PATHS = (
					"$(inherited)",
					"@executable_path/Frameworks",
				);
				PRODUCT_BUNDLE_IDENTIFIER = com.nizapizza.Landmarks;
				PRODUCT_NAME = Landmarks;
				SDKROOT = iphoneos;
				SWIFT_VERSION = 5.0;
				TARGETED_DEVICE_FAMILY = "1,2";
				VALIDATE_PRODUCT = YES;
			};
			name = Release;
		};
		060C094B2639FB3F00FCE2DB /* Debug */ = {
			isa = XCBuildConfiguration;
			buildSettings = {
				ASSETCATALOG_COMPILER_APPICON_NAME = AppIcon;
				ASSETCATALOG_COMPILER_GLOBAL_ACCENT_COLOR_NAME = AccentColor;
				CODE_SIGN_ENTITLEMENTS = macOS/macOS.entitlements;
				CODE_SIGN_STYLE = Automatic;
				COMBINE_HIDPI_IMAGES = YES;
				ENABLE_PREVIEWS = YES;
				INFOPLIST_FILE = macOS/Info.plist;
				LD_RUNPATH_SEARCH_PATHS = (
					"$(inherited)",
					"@executable_path/../Frameworks",
				);
				MACOSX_DEPLOYMENT_TARGET = 11.0;
				PRODUCT_BUNDLE_IDENTIFIER = com.nizapizza.Landmarks;
				PRODUCT_NAME = Landmarks;
				SDKROOT = macosx;
				SWIFT_VERSION = 5.0;
			};
			name = Debug;
		};
		060C094C2639FB3F00FCE2DB /* Release */ = {
			isa = XCBuildConfiguration;
			buildSettings = {
				ASSETCATALOG_COMPILER_APPICON_NAME = AppIcon;
				ASSETCATALOG_COMPILER_GLOBAL_ACCENT_COLOR_NAME = AccentColor;
				CODE_SIGN_ENTITLEMENTS = macOS/macOS.entitlements;
				CODE_SIGN_STYLE = Automatic;
				COMBINE_HIDPI_IMAGES = YES;
				ENABLE_PREVIEWS = YES;
				INFOPLIST_FILE = macOS/Info.plist;
				LD_RUNPATH_SEARCH_PATHS = (
					"$(inherited)",
					"@executable_path/../Frameworks",
				);
				MACOSX_DEPLOYMENT_TARGET = 11.0;
				PRODUCT_BUNDLE_IDENTIFIER = com.nizapizza.Landmarks;
				PRODUCT_NAME = Landmarks;
				SDKROOT = macosx;
				SWIFT_VERSION = 5.0;
			};
			name = Release;
		};
/* End XCBuildConfiguration section */

/* Begin XCConfigurationList section */
		060C092A2639FB3E00FCE2DB /* Build configuration list for PBXProject "Landmarks" */ = {
			isa = XCConfigurationList;
			buildConfigurations = (
				060C09452639FB3F00FCE2DB /* Debug */,
				060C09462639FB3F00FCE2DB /* Release */,
			);
			defaultConfigurationIsVisible = 0;
			defaultConfigurationName = Release;
		};
		060C09472639FB3F00FCE2DB /* Build configuration list for PBXNativeTarget "Landmarks (iOS)" */ = {
			isa = XCConfigurationList;
			buildConfigurations = (
				060C09482639FB3F00FCE2DB /* Debug */,
				060C09492639FB3F00FCE2DB /* Release */,
			);
			defaultConfigurationIsVisible = 0;
			defaultConfigurationName = Release;
		};
		060C094A2639FB3F00FCE2DB /* Build configuration list for PBXNativeTarget "Landmarks (macOS)" */ = {
			isa = XCConfigurationList;
			buildConfigurations = (
				060C094B2639FB3F00FCE2DB /* Debug */,
				060C094C2639FB3F00FCE2DB /* Release */,
			);
			defaultConfigurationIsVisible = 0;
			defaultConfigurationName = Release;
		};
/* End XCConfigurationList section */
	};
	rootObject = 060C09272639FB3E00FCE2DB /* Project object */;
}
